// !$*UTF8*$!
{
	archiveVersion = 1;
	classes = {
	};
	objectVersion = 50;
	objects = {

/* Begin PBXBuildFile section */
		5FE8C31420F7946B00DAB1E4 /* AppDelegate.swift in Sources */ = {isa = PBXBuildFile; fileRef = 5FE8C31320F7946B00DAB1E4 /* AppDelegate.swift */; };
		5FE8C31620F7946B00DAB1E4 /* ViewController.swift in Sources */ = {isa = PBXBuildFile; fileRef = 5FE8C31520F7946B00DAB1E4 /* ViewController.swift */; };
		5FE8C31920F7946B00DAB1E4 /* Main.storyboard in Resources */ = {isa = PBXBuildFile; fileRef = 5FE8C31720F7946B00DAB1E4 /* Main.storyboard */; };
		5FE8C31C20F7946B00DAB1E4 /* ARGenericTVCV.xcdatamodeld in Sources */ = {isa = PBXBuildFile; fileRef = 5FE8C31A20F7946B00DAB1E4 /* ARGenericTVCV.xcdatamodeld */; };
		5FE8C31E20F7947500DAB1E4 /* Assets.xcassets in Resources */ = {isa = PBXBuildFile; fileRef = 5FE8C31D20F7947500DAB1E4 /* Assets.xcassets */; };
		5FE8C32120F7947500DAB1E4 /* LaunchScreen.storyboard in Resources */ = {isa = PBXBuildFile; fileRef = 5FE8C31F20F7947500DAB1E4 /* LaunchScreen.storyboard */; };
/* End PBXBuildFile section */

/* Begin PBXFileReference section */
		5FE8C31020F7946B00DAB1E4 /* ARGenericTVCV.app */ = {isa = PBXFileReference; explicitFileType = wrapper.application; includeInIndex = 0; path = ARGenericTVCV.app; sourceTree = BUILT_PRODUCTS_DIR; };
		5FE8C31320F7946B00DAB1E4 /* AppDelegate.swift */ = {isa = PBXFileReference; lastKnownFileType = sourcecode.swift; path = AppDelegate.swift; sourceTree = "<group>"; };
		5FE8C31520F7946B00DAB1E4 /* ViewController.swift */ = {isa = PBXFileReference; lastKnownFileType = sourcecode.swift; path = ViewController.swift; sourceTree = "<group>"; };
		5FE8C31820F7946B00DAB1E4 /* Base */ = {isa = PBXFileReference; lastKnownFileType = file.storyboard; name = Base; path = Base.lproj/Main.storyboard; sourceTree = "<group>"; };
		5FE8C31B20F7946B00DAB1E4 /* ARGenericTVCV.xcdatamodel */ = {isa = PBXFileReference; lastKnownFileType = wrapper.xcdatamodel; path = ARGenericTVCV.xcdatamodel; sourceTree = "<group>"; };
		5FE8C31D20F7947500DAB1E4 /* Assets.xcassets */ = {isa = PBXFileReference; lastKnownFileType = folder.assetcatalog; path = Assets.xcassets; sourceTree = "<group>"; };
		5FE8C32020F7947500DAB1E4 /* Base */ = {isa = PBXFileReference; lastKnownFileType = file.storyboard; name = Base; path = Base.lproj/LaunchScreen.storyboard; sourceTree = "<group>"; };
		5FE8C32220F7947500DAB1E4 /* Info.plist */ = {isa = PBXFileReference; lastKnownFileType = text.plist.xml; path = Info.plist; sourceTree = "<group>"; };
/* End PBXFileReference section */

/* Begin PBXFrameworksBuildPhase section */
		5FE8C30D20F7946B00DAB1E4 /* Frameworks */ = {
			isa = PBXFrameworksBuildPhase;
			buildActionMask = 2147483647;
			files = (
			);
			runOnlyForDeploymentPostprocessing = 0;
		};
/* End PBXFrameworksBuildPhase section */

/* Begin PBXGroup section */
		5FE8C30720F7946B00DAB1E4 = {
			isa = PBXGroup;
			children = (
				5FE8C31220F7946B00DAB1E4 /* ARGenericTVCV */,
				5FE8C31120F7946B00DAB1E4 /* Products */,
			);
			sourceTree = "<group>";
		};
		5FE8C31120F7946B00DAB1E4 /* Products */ = {
			isa = PBXGroup;
			children = (
				5FE8C31020F7946B00DAB1E4 /* ARGenericTVCV.app */,
			);
			name = Products;
			sourceTree = "<group>";
		};
		5FE8C31220F7946B00DAB1E4 /* ARGenericTVCV */ = {
			isa = PBXGroup;
			children = (
				5FE8C31320F7946B00DAB1E4 /* AppDelegate.swift */,
				5FE8C31520F7946B00DAB1E4 /* ViewController.swift */,
				5FE8C31720F7946B00DAB1E4 /* Main.storyboard */,
				5FE8C31D20F7947500DAB1E4 /* Assets.xcassets */,
				5FE8C31F20F7947500DAB1E4 /* LaunchScreen.storyboard */,
				5FE8C32220F7947500DAB1E4 /* Info.plist */,
				5FE8C31A20F7946B00DAB1E4 /* ARGenericTVCV.xcdatamodeld */,
			);
			path = ARGenericTVCV;
			sourceTree = "<group>";
		};
/* End PBXGroup section */

/* Begin PBXNativeTarget section */
		5FE8C30F20F7946B00DAB1E4 /* ARGenericTVCV */ = {
			isa = PBXNativeTarget;
			buildConfigurationList = 5FE8C32520F7947500DAB1E4 /* Build configuration list for PBXNativeTarget "ARGenericTVCV" */;
			buildPhases = (
				5FE8C30C20F7946B00DAB1E4 /* Sources */,
				5FE8C30D20F7946B00DAB1E4 /* Frameworks */,
				5FE8C30E20F7946B00DAB1E4 /* Resources */,
			);
			buildRules = (
			);
			dependencies = (
			);
			name = ARGenericTVCV;
			productName = ARGenericTVCV;
			productReference = 5FE8C31020F7946B00DAB1E4 /* ARGenericTVCV.app */;
			productType = "com.apple.product-type.application";
		};
/* End PBXNativeTarget section */

/* Begin PBXProject section */
		5FE8C30820F7946B00DAB1E4 /* Project object */ = {
			isa = PBXProject;
			attributes = {
				LastSwiftUpdateCheck = 0930;
				LastUpgradeCheck = 0930;
				ORGANIZATIONNAME = "Ahmed Ramy";
				TargetAttributes = {
					5FE8C30F20F7946B00DAB1E4 = {
						CreatedOnToolsVersion = 9.3;
					};
				};
			};
			buildConfigurationList = 5FE8C30B20F7946B00DAB1E4 /* Build configuration list for PBXProject "ARGenericTVCV" */;
			compatibilityVersion = "Xcode 9.3";
			developmentRegion = en;
			hasScannedForEncodings = 0;
			knownRegions = (
				en,
				Base,
			);
			mainGroup = 5FE8C30720F7946B00DAB1E4;
			productRefGroup = 5FE8C31120F7946B00DAB1E4 /* Products */;
			projectDirPath = "";
			projectRoot = "";
			targets = (
				5FE8C30F20F7946B00DAB1E4 /* ARGenericTVCV */,
			);
		};
/* End PBXProject section */

/* Begin PBXResourcesBuildPhase section */
		5FE8C30E20F7946B00DAB1E4 /* Resources */ = {
			isa = PBXResourcesBuildPhase;
			buildActionMask = 2147483647;
			files = (
				5FE8C32120F7947500DAB1E4 /* LaunchScreen.storyboard in Resources */,
				5FE8C31E20F7947500DAB1E4 /* Assets.xcassets in Resources */,
				5FE8C31920F7946B00DAB1E4 /* Main.storyboard in Resources */,
			);
			runOnlyForDeploymentPostprocessing = 0;
		};
/* End PBXResourcesBuildPhase section */

/* Begin PBXSourcesBuildPhase section */
		5FE8C30C20F7946B00DAB1E4 /* Sources */ = {
			isa = PBXSourcesBuildPhase;
			buildActionMask = 2147483647;
			files = (
				5FE8C31620F7946B00DAB1E4 /* ViewController.swift in Sources */,
				5FE8C31C20F7946B00DAB1E4 /* ARGenericTVCV.xcdatamodeld in Sources */,
				5FE8C31420F7946B00DAB1E4 /* AppDelegate.swift in Sources */,
			);
			runOnlyForDeploymentPostprocessing = 0;
		};
/* End PBXSourcesBuildPhase section */

/* Begin PBXVariantGroup section */
		5FE8C31720F7946B00DAB1E4 /* Main.storyboard */ = {
			isa = PBXVariantGroup;
			children = (
				5FE8C31820F7946B00DAB1E4 /* Base */,
			);
			name = Main.storyboard;
			sourceTree = "<group>";
		};
		5FE8C31F20F7947500DAB1E4 /* LaunchScreen.storyboard */ = {
			isa = PBXVariantGroup;
			children = (
				5FE8C32020F7947500DAB1E4 /* Base */,
			);
			name = LaunchScreen.storyboard;
			sourceTree = "<group>";
		};
/* End PBXVariantGroup section */

/* Begin XCBuildConfiguration section */
		5FE8C32320F7947500DAB1E4 /* Debug */ = {
			isa = XCBuildConfiguration;
			buildSettings = {
				ALWAYS_SEARCH_USER_PATHS = NO;
				CLANG_ANALYZER_NONNULL = YES;
				CLANG_ANALYZER_NUMBER_OBJECT_CONVERSION = YES_AGGRESSIVE;
				CLANG_CXX_LANGUAGE_STANDARD = "gnu++14";
				CLANG_CXX_LIBRARY = "libc++";
				CLANG_ENABLE_MODULES = YES;
				CLANG_ENABLE_OBJC_ARC = YES;
				CLANG_ENABLE_OBJC_WEAK = YES;
				CLANG_WARN_BLOCK_CAPTURE_AUTORELEASING = YES;
				CLANG_WARN_BOOL_CONVERSION = YES;
				CLANG_WARN_COMMA = YES;
				CLANG_WARN_CONSTANT_CONVERSION = YES;
				CLANG_WARN_DEPRECATED_OBJC_IMPLEMENTATIONS = YES;
				CLANG_WARN_DIRECT_OBJC_ISA_USAGE = YES_ERROR;
				CLANG_WARN_DOCUMENTATION_COMMENTS = YES;
				CLANG_WARN_EMPTY_BODY = YES;
				CLANG_WARN_ENUM_CONVERSION = YES;
				CLANG_WARN_INFINITE_RECURSION = YES;
				CLANG_WARN_INT_CONVERSION = YES;
				CLANG_WARN_NON_LITERAL_NULL_CONVERSION = YES;
				CLANG_WARN_OBJC_IMPLICIT_RETAIN_SELF = YES;
				CLANG_WARN_OBJC_LITERAL_CONVERSION = YES;
				CLANG_WARN_OBJC_ROOT_CLASS = YES_ERROR;
				CLANG_WARN_RANGE_LOOP_ANALYSIS = YES;
				CLANG_WARN_STRICT_PROTOTYPES = YES;
				CLANG_WARN_SUSPICIOUS_MOVE = YES;
				CLANG_WARN_UNGUARDED_AVAILABILITY = YES_AGGRESSIVE;
				CLANG_WARN_UNREACHABLE_CODE = YES;
				CLANG_WARN__DUPLICATE_METHOD_MATCH = YES;
				CODE_SIGN_IDENTITY = "iPhone Developer";
				COPY_PHASE_STRIP = NO;
				DEBUG_INFORMATION_FORMAT = dwarf;
				ENABLE_STRICT_OBJC_MSGSEND = YES;
				ENABLE_TESTABILITY = YES;
				GCC_C_LANGUAGE_STANDARD = gnu11;
				GCC_DYNAMIC_NO_PIC = NO;
				GCC_NO_COMMON_BLOCKS = YES;
				GCC_OPTIMIZATION_LEVEL = 0;
				GCC_PREPROCESSOR_DEFINITIONS = (
					"DEBUG=1",
					"$(inherited)",
				);
				GCC_WARN_64_TO_32_BIT_CONVERSION = YES;
				GCC_WARN_ABOUT_RETURN_TYPE = YES_ERROR;
				GCC_WARN_UNDECLARED_SELECTOR = YES;
				GCC_WARN_UNINITIALIZED_AUTOS = YES_AGGRESSIVE;
				GCC_WARN_UNUSED_FUNCTION = YES;
				GCC_WARN_UNUSED_VARIABLE = YES;
				IPHONEOS_DEPLOYMENT_TARGET = 11.3;
				MTL_ENABLE_DEBUG_INFO = YES;
				ONLY_ACTIVE_ARCH = YES;
				SDKROOT = iphoneos;
				SWIFT_ACTIVE_COMPILATION_CONDITIONS = DEBUG;
				SWIFT_OPTIMIZATION_LEVEL = "-Onone";
			};
			name = Debug;
		};
		5FE8C32420F7947500DAB1E4 /* Release */ = {
			isa = XCBuildConfiguration;
			buildSettings = {
				ALWAYS_SEARCH_USER_PATHS = NO;
				CLANG_ANALYZER_NONNULL = YES;
				CLANG_ANALYZER_NUMBER_OBJECT_CONVERSION = YES_AGGRESSIVE;
				CLANG_CXX_LANGUAGE_STANDARD = "gnu++14";
				CLANG_CXX_LIBRARY = "libc++";
				CLANG_ENABLE_MODULES = YES;
				CLANG_ENABLE_OBJC_ARC = YES;
				CLANG_ENABLE_OBJC_WEAK = YES;
				CLANG_WARN_BLOCK_CAPTURE_AUTORELEASING = YES;
				CLANG_WARN_BOOL_CONVERSION = YES;
				CLANG_WARN_COMMA = YES;
				CLANG_WARN_CONSTANT_CONVERSION = YES;
				CLANG_WARN_DEPRECATED_OBJC_IMPLEMENTATIONS = YES;
				CLANG_WARN_DIRECT_OBJC_ISA_USAGE = YES_ERROR;
				CLANG_WARN_DOCUMENTATION_COMMENTS = YES;
				CLANG_WARN_EMPTY_BODY = YES;
				CLANG_WARN_ENUM_CONVERSION = YES;
				CLANG_WARN_INFINITE_RECURSION = YES;
				CLANG_WARN_INT_CONVERSION = YES;
				CLANG_WARN_NON_LITERAL_NULL_CONVERSION = YES;
				CLANG_WARN_OBJC_IMPLICIT_RETAIN_SELF = YES;
				CLANG_WARN_OBJC_LITERAL_CONVERSION = YES;
				CLANG_WARN_OBJC_ROOT_CLASS = YES_ERROR;
				CLANG_WARN_RANGE_LOOP_ANALYSIS = YES;
				CLANG_WARN_STRICT_PROTOTYPES = YES;
				CLANG_WARN_SUSPICIOUS_MOVE = YES;
				CLANG_WARN_UNGUARDED_AVAILABILITY = YES_AGGRESSIVE;
				CLANG_WARN_UNREACHABLE_CODE = YES;
				CLANG_WARN__DUPLICATE_METHOD_MATCH = YES;
				CODE_SIGN_IDENTITY = "iPhone Developer";
				COPY_PHASE_STRIP = NO;
				DEBUG_INFORMATION_FORMAT = "dwarf-with-dsym";
				ENABLE_NS_ASSERTIONS = NO;
				ENABLE_STRICT_OBJC_MSGSEND = YES;
				GCC_C_LANGUAGE_STANDARD = gnu11;
				GCC_NO_COMMON_BLOCKS = YES;
				GCC_WARN_64_TO_32_BIT_CONVERSION = YES;
				GCC_WARN_ABOUT_RETURN_TYPE = YES_ERROR;
				GCC_WARN_UNDECLARED_SELECTOR = YES;
				GCC_WARN_UNINITIALIZED_AUTOS = YES_AGGRESSIVE;
				GCC_WARN_UNUSED_FUNCTION = YES;
				GCC_WARN_UNUSED_VARIABLE = YES;
				IPHONEOS_DEPLOYMENT_TARGET = 11.3;
				MTL_ENABLE_DEBUG_INFO = NO;
				SDKROOT = iphoneos;
				SWIFT_COMPILATION_MODE = wholemodule;
				SWIFT_OPTIMIZATION_LEVEL = "-O";
				VALIDATE_PRODUCT = YES;
			};
			name = Release;
		};
		5FE8C32620F7947500DAB1E4 /* Debug */ = {
			isa = XCBuildConfiguration;
			buildSettings = {
				ASSETCATALOG_COMPILER_APPICON_NAME = AppIcon;
				CODE_SIGN_STYLE = Automatic;
				DEVELOPMENT_TEAM = 969Y6REAB6;
				INFOPLIST_FILE = ARGenericTVCV/Info.plist;
				LD_RUNPATH_SEARCH_PATHS = (
					"$(inherited)",
					"@executable_path/Frameworks",
				);
				PRODUCT_BUNDLE_IDENTIFIER = ShaDiLiX.ARGenericTVCV;
				PRODUCT_NAME = "$(TARGET_NAME)";
				SWIFT_VERSION = 4.0;
				TARGETED_DEVICE_FAMILY = "1,2";
			};
			name = Debug;
		};
		5FE8C32720F7947500DAB1E4 /* Release */ = {
			isa = XCBuildConfiguration;
			buildSettings = {
				ASSETCATALOG_COMPILER_APPICON_NAME = AppIcon;
				CODE_SIGN_STYLE = Automatic;
				DEVELOPMENT_TEAM = 969Y6REAB6;
				INFOPLIST_FILE = ARGenericTVCV/Info.plist;
				LD_RUNPATH_SEARCH_PATHS = (
					"$(inherited)",
					"@executable_path/Frameworks",
				);
				PRODUCT_BUNDLE_IDENTIFIER = ShaDiLiX.ARGenericTVCV;
				PRODUCT_NAME = "$(TARGET_NAME)";
				SWIFT_VERSION = 4.0;
				TARGETED_DEVICE_FAMILY = "1,2";
			};
			name = Release;
		};
/* End XCBuildConfiguration section */

/* Begin XCConfigurationList section */
		5FE8C30B20F7946B00DAB1E4 /* Build configuration list for PBXProject "ARGenericTVCV" */ = {
			isa = XCConfigurationList;
			buildConfigurations = (
				5FE8C32320F7947500DAB1E4 /* Debug */,
				5FE8C32420F7947500DAB1E4 /* Release */,
			);
			defaultConfigurationIsVisible = 0;
			defaultConfigurationName = Release;
		};
		5FE8C32520F7947500DAB1E4 /* Build configuration list for PBXNativeTarget "ARGenericTVCV" */ = {
			isa = XCConfigurationList;
			buildConfigurations = (
				5FE8C32620F7947500DAB1E4 /* Debug */,
				5FE8C32720F7947500DAB1E4 /* Release */,
			);
			defaultConfigurationIsVisible = 0;
			defaultConfigurationName = Release;
		};
/* End XCConfigurationList section */

/* Begin XCVersionGroup section */
		5FE8C31A20F7946B00DAB1E4 /* ARGenericTVCV.xcdatamodeld */ = {
			isa = XCVersionGroup;
			children = (
				5FE8C31B20F7946B00DAB1E4 /* ARGenericTVCV.xcdatamodel */,
			);
			currentVersion = 5FE8C31B20F7946B00DAB1E4 /* ARGenericTVCV.xcdatamodel */;
			path = ARGenericTVCV.xcdatamodeld;
			sourceTree = "<group>";
			versionGroupType = wrapper.xcdatamodel;
		};
/* End XCVersionGroup section */
	};
	rootObject = 5FE8C30820F7946B00DAB1E4 /* Project object */;
}
